
Microsoft Visual Studio Solution File, Format Version 12.00
# Visual Studio 2012
Project("{FAE04EC0-301F-11D3-BF4B-00C04F79EFBC}") = "SoftWareDesign", "SoftWareDesign\SoftWareDesign.csproj", "{CEC60791-66E3-48EF-B12F-E2446C3F3988}"
EndProject
Project("{FAE04EC0-301F-11D3-BF4B-00C04F79EFBC}") = "SoftWareDesign.Bll", "SoftWareDesign.Bll\SoftWareDesign.Bll.csproj", "{3ECA3F95-E478-4D1F-9523-23592CCDF6B6}"
EndProject
Project("{FAE04EC0-301F-11D3-BF4B-00C04F79EFBC}") = "SoftWareDesign.Dal", "SoftWareDesign.Dal\SoftWareDesign.Dal.csproj", "{282DE931-5643-4A24-946E-26BEBB270603}"
EndProject
Project("{FAE04EC0-301F-11D3-BF4B-00C04F79EFBC}") = "SoftWareDesign.Model", "SoftWareDesign.Model\SoftWareDesign.Model.csproj", "{ABA56560-E304-45CF-B4F5-B552FF25C6D5}"
EndProject
Global
	GlobalSection(SolutionConfigurationPlatforms) = preSolution
		Debug|Any CPU = Debug|Any CPU
		Release|Any CPU = Release|Any CPU
	EndGlobalSection
	GlobalSection(ProjectConfigurationPlatforms) = postSolution
		{CEC60791-66E3-48EF-B12F-E2446C3F3988}.Debug|Any CPU.ActiveCfg = Debug|Any CPU
		{CEC60791-66E3-48EF-B12F-E2446C3F3988}.Debug|Any CPU.Build.0 = Debug|Any CPU
		{CEC60791-66E3-48EF-B12F-E2446C3F3988}.Release|Any CPU.ActiveCfg = Release|Any CPU
		{CEC60791-66E3-48EF-B12F-E2446C3F3988}.Release|Any CPU.Build.0 = Release|Any CPU
		{3ECA3F95-E478-4D1F-9523-23592CCDF6B6}.Debug|Any CPU.ActiveCfg = Debug|Any CPU
		{3ECA3F95-E478-4D1F-9523-23592CCDF6B6}.Debug|Any CPU.Build.0 = Debug|Any CPU
		{3ECA3F95-E478-4D1F-9523-23592CCDF6B6}.Release|Any CPU.ActiveCfg = Release|Any CPU
		{3ECA3F95-E478-4D1F-9523-23592CCDF6B6}.Release|Any CPU.Build.0 = Release|Any CPU
		{282DE931-5643-4A24-946E-26BEBB270603}.Debug|Any CPU.ActiveCfg = Debug|Any CPU
		{282DE931-5643-4A24-946E-26BEBB270603}.Debug|Any CPU.Build.0 = Debug|Any CPU
		{282DE931-5643-4A24-946E-26BEBB270603}.Release|Any CPU.ActiveCfg = Release|Any CPU
		{282DE931-5643-4A24-946E-26BEBB270603}.Release|Any CPU.Build.0 = Release|Any CPU
		{ABA56560-E304-45CF-B4F5-B552FF25C6D5}.Debug|Any CPU.ActiveCfg = Debug|Any CPU
		{ABA56560-E304-45CF-B4F5-B552FF25C6D5}.Debug|Any CPU.Build.0 = Debug|Any CPU
		{ABA56560-E304-45CF-B4F5-B552FF25C6D5}.Release|Any CPU.ActiveCfg = Release|Any CPU
		{ABA56560-E304-45CF-B4F5-B552FF25C6D5}.Release|Any CPU.Build.0 = Release|Any CPU
	EndGlobalSection
	GlobalSection(SolutionProperties) = preSolution
		HideSolutionNode = FALSE
	EndGlobalSection
EndGlobal
